// !$*UTF8*$!
{
	archiveVersion = 1;
	classes = {
	};
	objectVersion = 77;
	objects = {

/* Begin PBXBuildFile section */
		7E13D5492D9D432300CC2AF6 /* WalletsDataService.swift in Sources */ = {isa = PBXBuildFile; fileRef = 7E13D5482D9D432300CC2AF6 /* WalletsDataService.swift */; };
		7E13D54B2D9D45BF00CC2AF6 /* TransactionsDataService.swift in Sources */ = {isa = PBXBuildFile; fileRef = 7E13D54A2D9D45BF00CC2AF6 /* TransactionsDataService.swift */; };
		7E13D54D2D9D486300CC2AF6 /* BitcoinRateService.swift in Sources */ = {isa = PBXBuildFile; fileRef = 7E13D54C2D9D486300CC2AF6 /* BitcoinRateService.swift */; };
		7E3956462D9C4F87005C2807 /* AppDelegate.swift in Sources */ = {isa = PBXBuildFile; fileRef = 7E39563C2D9C4F87005C2807 /* AppDelegate.swift */; };
		7E3956472D9C4F87005C2807 /* SceneDelegate.swift in Sources */ = {isa = PBXBuildFile; fileRef = 7E3956432D9C4F87005C2807 /* SceneDelegate.swift */; };
		7E3956482D9C4F87005C2807 /* TransactionsController.swift in Sources */ = {isa = PBXBuildFile; fileRef = 7E3956442D9C4F87005C2807 /* TransactionsController.swift */; };
		7E3956492D9C4F87005C2807 /* Assets.xcassets in Resources */ = {isa = PBXBuildFile; fileRef = 7E39563D2D9C4F87005C2807 /* Assets.xcassets */; };
		7E39564B2D9C4F87005C2807 /* LaunchScreen.storyboard in Resources */ = {isa = PBXBuildFile; fileRef = 7E3956402D9C4F87005C2807 /* LaunchScreen.storyboard */; };
		7E3956502D9C523E005C2807 /* DBDataModel.xcdatamodeld in Sources */ = {isa = PBXBuildFile; fileRef = 7E39564E2D9C523E005C2807 /* DBDataModel.xcdatamodeld */; };
		7E3956522D9C5266005C2807 /* TransactionCategories.swift in Sources */ = {isa = PBXBuildFile; fileRef = 7E3956512D9C5266005C2807 /* TransactionCategories.swift */; };
		7E3956652D9C5A7B005C2807 /* CurrencyRate+CoreDataClass.swift in Sources */ = {isa = PBXBuildFile; fileRef = 7E39565F2D9C5A7B005C2807 /* CurrencyRate+CoreDataClass.swift */; };
		7E3956672D9C5A7B005C2807 /* Transaction+CoreDataClass.swift in Sources */ = {isa = PBXBuildFile; fileRef = 7E3956612D9C5A7B005C2807 /* Transaction+CoreDataClass.swift */; };
		7E3956692D9C5A7B005C2807 /* Wallet+CoreDataClass.swift in Sources */ = {isa = PBXBuildFile; fileRef = 7E3956632D9C5A7B005C2807 /* Wallet+CoreDataClass.swift */; };
		7E39566D2D9C5C1A005C2807 /* TransactionModel.swift in Sources */ = {isa = PBXBuildFile; fileRef = 7E39566C2D9C5C1A005C2807 /* TransactionModel.swift */; };
		7E3956702D9C5C82005C2807 /* WalletModel.swift in Sources */ = {isa = PBXBuildFile; fileRef = 7E39566F2D9C5C82005C2807 /* WalletModel.swift */; };
		7E3956732D9C5CA7005C2807 /* CurrencyRateModel.swift in Sources */ = {isa = PBXBuildFile; fileRef = 7E3956722D9C5CA7005C2807 /* CurrencyRateModel.swift */; };
		7E3956762D9C5E8C005C2807 /* DataService.swift in Sources */ = {isa = PBXBuildFile; fileRef = 7E3956752D9C5E8C005C2807 /* DataService.swift */; };
		7E3956782D9C6612005C2807 /* TransactionModel+Init.swift in Sources */ = {isa = PBXBuildFile; fileRef = 7E3956772D9C6612005C2807 /* TransactionModel+Init.swift */; };
		7E39567A2D9C6620005C2807 /* WalletModel+Init.swift in Sources */ = {isa = PBXBuildFile; fileRef = 7E3956792D9C6620005C2807 /* WalletModel+Init.swift */; };
		7E39567C2D9C662F005C2807 /* CurrencyRate+Init.swift in Sources */ = {isa = PBXBuildFile; fileRef = 7E39567B2D9C662F005C2807 /* CurrencyRate+Init.swift */; };
		7E3956802D9C6E26005C2807 /* DecoderService.swift in Sources */ = {isa = PBXBuildFile; fileRef = 7E39567F2D9C6E26005C2807 /* DecoderService.swift */; };
		7E3956822D9C6FCA005C2807 /* NetworkingService.swift in Sources */ = {isa = PBXBuildFile; fileRef = 7E3956812D9C6FCA005C2807 /* NetworkingService.swift */; };
		7E39568A2D9C79E7005C2807 /* TransactionsVM.swift in Sources */ = {isa = PBXBuildFile; fileRef = 7E3956892D9C79E7005C2807 /* TransactionsVM.swift */; };
		7E39568C2D9C7FC4005C2807 /* RateRequestModels.swift in Sources */ = {isa = PBXBuildFile; fileRef = 7E39568B2D9C7FC4005C2807 /* RateRequestModels.swift */; };
/* End PBXBuildFile section */

/* Begin PBXFileReference section */
		7E13D5482D9D432300CC2AF6 /* WalletsDataService.swift */ = {isa = PBXFileReference; lastKnownFileType = sourcecode.swift; path = WalletsDataService.swift; sourceTree = "<group>"; };
		7E13D54A2D9D45BF00CC2AF6 /* TransactionsDataService.swift */ = {isa = PBXFileReference; lastKnownFileType = sourcecode.swift; path = TransactionsDataService.swift; sourceTree = "<group>"; };
		7E13D54C2D9D486300CC2AF6 /* BitcoinRateService.swift */ = {isa = PBXFileReference; lastKnownFileType = sourcecode.swift; path = BitcoinRateService.swift; sourceTree = "<group>"; };
		7E3956242D9C4F63005C2807 /* ObrioTestAssignment.app */ = {isa = PBXFileReference; explicitFileType = wrapper.application; includeInIndex = 0; path = ObrioTestAssignment.app; sourceTree = BUILT_PRODUCTS_DIR; };
		7E39563C2D9C4F87005C2807 /* AppDelegate.swift */ = {isa = PBXFileReference; lastKnownFileType = sourcecode.swift; path = AppDelegate.swift; sourceTree = "<group>"; };
		7E39563D2D9C4F87005C2807 /* Assets.xcassets */ = {isa = PBXFileReference; lastKnownFileType = folder.assetcatalog; path = Assets.xcassets; sourceTree = "<group>"; };
		7E39563E2D9C4F87005C2807 /* Info.plist */ = {isa = PBXFileReference; lastKnownFileType = text.plist.xml; path = Info.plist; sourceTree = "<group>"; };
		7E39563F2D9C4F87005C2807 /* Base */ = {isa = PBXFileReference; lastKnownFileType = file.storyboard; name = Base; path = Base.lproj/LaunchScreen.storyboard; sourceTree = "<group>"; };
		7E3956432D9C4F87005C2807 /* SceneDelegate.swift */ = {isa = PBXFileReference; lastKnownFileType = sourcecode.swift; path = SceneDelegate.swift; sourceTree = "<group>"; };
		7E3956442D9C4F87005C2807 /* TransactionsController.swift */ = {isa = PBXFileReference; lastKnownFileType = sourcecode.swift; path = TransactionsController.swift; sourceTree = "<group>"; };
		7E39564F2D9C523E005C2807 /* DBDataModel.xcdatamodel */ = {isa = PBXFileReference; lastKnownFileType = wrapper.xcdatamodel; path = DBDataModel.xcdatamodel; sourceTree = "<group>"; };
		7E3956512D9C5266005C2807 /* TransactionCategories.swift */ = {isa = PBXFileReference; lastKnownFileType = sourcecode.swift; path = TransactionCategories.swift; sourceTree = "<group>"; };
		7E39565F2D9C5A7B005C2807 /* CurrencyRate+CoreDataClass.swift */ = {isa = PBXFileReference; lastKnownFileType = sourcecode.swift; path = "CurrencyRate+CoreDataClass.swift"; sourceTree = "<group>"; };
		7E3956612D9C5A7B005C2807 /* Transaction+CoreDataClass.swift */ = {isa = PBXFileReference; lastKnownFileType = sourcecode.swift; path = "Transaction+CoreDataClass.swift"; sourceTree = "<group>"; };
		7E3956632D9C5A7B005C2807 /* Wallet+CoreDataClass.swift */ = {isa = PBXFileReference; lastKnownFileType = sourcecode.swift; path = "Wallet+CoreDataClass.swift"; sourceTree = "<group>"; };
		7E39566C2D9C5C1A005C2807 /* TransactionModel.swift */ = {isa = PBXFileReference; lastKnownFileType = sourcecode.swift; path = TransactionModel.swift; sourceTree = "<group>"; };
		7E39566F2D9C5C82005C2807 /* WalletModel.swift */ = {isa = PBXFileReference; lastKnownFileType = sourcecode.swift; path = WalletModel.swift; sourceTree = "<group>"; };
		7E3956722D9C5CA7005C2807 /* CurrencyRateModel.swift */ = {isa = PBXFileReference; lastKnownFileType = sourcecode.swift; path = CurrencyRateModel.swift; sourceTree = "<group>"; };
		7E3956752D9C5E8C005C2807 /* DataService.swift */ = {isa = PBXFileReference; lastKnownFileType = sourcecode.swift; path = DataService.swift; sourceTree = "<group>"; };
		7E3956772D9C6612005C2807 /* TransactionModel+Init.swift */ = {isa = PBXFileReference; lastKnownFileType = sourcecode.swift; path = "TransactionModel+Init.swift"; sourceTree = "<group>"; };
		7E3956792D9C6620005C2807 /* WalletModel+Init.swift */ = {isa = PBXFileReference; lastKnownFileType = sourcecode.swift; path = "WalletModel+Init.swift"; sourceTree = "<group>"; };
		7E39567B2D9C662F005C2807 /* CurrencyRate+Init.swift */ = {isa = PBXFileReference; lastKnownFileType = sourcecode.swift; path = "CurrencyRate+Init.swift"; sourceTree = "<group>"; };
		7E39567F2D9C6E26005C2807 /* DecoderService.swift */ = {isa = PBXFileReference; lastKnownFileType = sourcecode.swift; path = DecoderService.swift; sourceTree = "<group>"; };
		7E3956812D9C6FCA005C2807 /* NetworkingService.swift */ = {isa = PBXFileReference; lastKnownFileType = sourcecode.swift; path = NetworkingService.swift; sourceTree = "<group>"; };
		7E3956892D9C79E7005C2807 /* TransactionsVM.swift */ = {isa = PBXFileReference; lastKnownFileType = sourcecode.swift; path = TransactionsVM.swift; sourceTree = "<group>"; };
		7E39568B2D9C7FC4005C2807 /* RateRequestModels.swift */ = {isa = PBXFileReference; lastKnownFileType = sourcecode.swift; path = RateRequestModels.swift; sourceTree = "<group>"; };
/* End PBXFileReference section */

/* Begin PBXFrameworksBuildPhase section */
		7E3956212D9C4F63005C2807 /* Frameworks */ = {
			isa = PBXFrameworksBuildPhase;
			buildActionMask = 2147483647;
			files = (
			);
			runOnlyForDeploymentPostprocessing = 0;
		};
/* End PBXFrameworksBuildPhase section */

/* Begin PBXGroup section */
		7E39561B2D9C4F63005C2807 = {
			isa = PBXGroup;
			children = (
				7E3956452D9C4F87005C2807 /* ObrioTestAssignment */,
				7E3956252D9C4F63005C2807 /* Products */,
			);
			sourceTree = "<group>";
		};
		7E3956252D9C4F63005C2807 /* Products */ = {
			isa = PBXGroup;
			children = (
				7E3956242D9C4F63005C2807 /* ObrioTestAssignment.app */,
			);
			name = Products;
			sourceTree = "<group>";
		};
		7E3956452D9C4F87005C2807 /* ObrioTestAssignment */ = {
			isa = PBXGroup;
			children = (
				7E39563E2D9C4F87005C2807 /* Info.plist */,
				7E3956402D9C4F87005C2807 /* LaunchScreen.storyboard */,
				7E3956842D9C75AE005C2807 /* ApplicationDelegates */,
				7E3956852D9C79B1005C2807 /* Transactions */,
				7E39567D2D9C6D80005C2807 /* Networking */,
				7E39564D2D9C51DD005C2807 /* DataLayer */,
				7E39563D2D9C4F87005C2807 /* Assets.xcassets */,
			);
			path = ObrioTestAssignment;
			sourceTree = "<group>";
		};
		7E39564D2D9C51DD005C2807 /* DataLayer */ = {
			isa = PBXGroup;
			children = (
				7E3956742D9C5E83005C2807 /* Services */,
				7E39566B2D9C5ABE005C2807 /* Transaction */,
				7E39566E2D9C5C69005C2807 /* Wallet */,
				7E3956712D9C5C91005C2807 /* CurrencyRate */,
				7E39564E2D9C523E005C2807 /* DBDataModel.xcdatamodeld */,
			);
			path = DataLayer;
			sourceTree = "<group>";
		};
		7E39566B2D9C5ABE005C2807 /* Transaction */ = {
			isa = PBXGroup;
			children = (
				7E3956612D9C5A7B005C2807 /* Transaction+CoreDataClass.swift */,
				7E39566C2D9C5C1A005C2807 /* TransactionModel.swift */,
				7E3956772D9C6612005C2807 /* TransactionModel+Init.swift */,
				7E3956512D9C5266005C2807 /* TransactionCategories.swift */,
			);
			path = Transaction;
			sourceTree = "<group>";
		};
		7E39566E2D9C5C69005C2807 /* Wallet */ = {
			isa = PBXGroup;
			children = (
				7E3956632D9C5A7B005C2807 /* Wallet+CoreDataClass.swift */,
				7E3956792D9C6620005C2807 /* WalletModel+Init.swift */,
				7E39566F2D9C5C82005C2807 /* WalletModel.swift */,
			);
			path = Wallet;
			sourceTree = "<group>";
		};
		7E3956712D9C5C91005C2807 /* CurrencyRate */ = {
			isa = PBXGroup;
			children = (
				7E39565F2D9C5A7B005C2807 /* CurrencyRate+CoreDataClass.swift */,
				7E3956722D9C5CA7005C2807 /* CurrencyRateModel.swift */,
				7E39567B2D9C662F005C2807 /* CurrencyRate+Init.swift */,
			);
			path = CurrencyRate;
			sourceTree = "<group>";
		};
		7E3956742D9C5E83005C2807 /* Services */ = {
			isa = PBXGroup;
			children = (
				7E3956752D9C5E8C005C2807 /* DataService.swift */,
				7E13D5482D9D432300CC2AF6 /* WalletsDataService.swift */,
				7E13D54A2D9D45BF00CC2AF6 /* TransactionsDataService.swift */,
			);
			path = Services;
			sourceTree = "<group>";
		};
		7E39567D2D9C6D80005C2807 /* Networking */ = {
			isa = PBXGroup;
			children = (
				7E3956812D9C6FCA005C2807 /* NetworkingService.swift */,
				7E13D54C2D9D486300CC2AF6 /* BitcoinRateService.swift */,
				7E39567F2D9C6E26005C2807 /* DecoderService.swift */,
				7E39568B2D9C7FC4005C2807 /* RateRequestModels.swift */,
			);
			path = Networking;
			sourceTree = "<group>";
		};
		7E3956842D9C75AE005C2807 /* ApplicationDelegates */ = {
			isa = PBXGroup;
			children = (
				7E3956432D9C4F87005C2807 /* SceneDelegate.swift */,
				7E39563C2D9C4F87005C2807 /* AppDelegate.swift */,
			);
			path = ApplicationDelegates;
			sourceTree = "<group>";
		};
		7E3956852D9C79B1005C2807 /* Transactions */ = {
			isa = PBXGroup;
			children = (
				7E3956882D9C79D1005C2807 /* View */,
			);
			path = Transactions;
			sourceTree = "<group>";
		};
		7E3956882D9C79D1005C2807 /* View */ = {
			isa = PBXGroup;
			children = (
				7E3956442D9C4F87005C2807 /* TransactionsController.swift */,
				7E3956892D9C79E7005C2807 /* TransactionsVM.swift */,
			);
			path = View;
			sourceTree = "<group>";
		};
/* End PBXGroup section */

/* Begin PBXNativeTarget section */
		7E3956232D9C4F63005C2807 /* ObrioTestAssignment */ = {
			isa = PBXNativeTarget;
			buildConfigurationList = 7E3956372D9C4F65005C2807 /* Build configuration list for PBXNativeTarget "ObrioTestAssignment" */;
			buildPhases = (
				7E3956202D9C4F63005C2807 /* Sources */,
				7E3956212D9C4F63005C2807 /* Frameworks */,
				7E3956222D9C4F63005C2807 /* Resources */,
			);
			buildRules = (
			);
			dependencies = (
			);
			name = ObrioTestAssignment;
			packageProductDependencies = (
			);
			productName = ObrioTestAssignment;
			productReference = 7E3956242D9C4F63005C2807 /* ObrioTestAssignment.app */;
			productType = "com.apple.product-type.application";
		};
/* End PBXNativeTarget section */

/* Begin PBXProject section */
		7E39561C2D9C4F63005C2807 /* Project object */ = {
			isa = PBXProject;
			attributes = {
				BuildIndependentTargetsInParallel = 1;
				LastSwiftUpdateCheck = 1620;
				LastUpgradeCheck = 1620;
				TargetAttributes = {
					7E3956232D9C4F63005C2807 = {
						CreatedOnToolsVersion = 16.2;
					};
				};
			};
			buildConfigurationList = 7E39561F2D9C4F63005C2807 /* Build configuration list for PBXProject "ObrioTestAssignment" */;
			developmentRegion = en;
			hasScannedForEncodings = 0;
			knownRegions = (
				en,
				Base,
			);
			mainGroup = 7E39561B2D9C4F63005C2807;
			minimizedProjectReferenceProxies = 1;
			preferredProjectObjectVersion = 77;
			productRefGroup = 7E3956252D9C4F63005C2807 /* Products */;
			projectDirPath = "";
			projectRoot = "";
			targets = (
				7E3956232D9C4F63005C2807 /* ObrioTestAssignment */,
			);
		};
/* End PBXProject section */

/* Begin PBXResourcesBuildPhase section */
		7E3956222D9C4F63005C2807 /* Resources */ = {
			isa = PBXResourcesBuildPhase;
			buildActionMask = 2147483647;
			files = (
				7E3956492D9C4F87005C2807 /* Assets.xcassets in Resources */,
				7E39564B2D9C4F87005C2807 /* LaunchScreen.storyboard in Resources */,
			);
			runOnlyForDeploymentPostprocessing = 0;
		};
/* End PBXResourcesBuildPhase section */

/* Begin PBXSourcesBuildPhase section */
		7E3956202D9C4F63005C2807 /* Sources */ = {
			isa = PBXSourcesBuildPhase;
			buildActionMask = 2147483647;
			files = (
				7E3956732D9C5CA7005C2807 /* CurrencyRateModel.swift in Sources */,
				7E3956702D9C5C82005C2807 /* WalletModel.swift in Sources */,
				7E13D54D2D9D486300CC2AF6 /* BitcoinRateService.swift in Sources */,
				7E39566D2D9C5C1A005C2807 /* TransactionModel.swift in Sources */,
				7E39568A2D9C79E7005C2807 /* TransactionsVM.swift in Sources */,
				7E3956762D9C5E8C005C2807 /* DataService.swift in Sources */,
				7E3956782D9C6612005C2807 /* TransactionModel+Init.swift in Sources */,
				7E13D5492D9D432300CC2AF6 /* WalletsDataService.swift in Sources */,
				7E3956652D9C5A7B005C2807 /* CurrencyRate+CoreDataClass.swift in Sources */,
				7E3956802D9C6E26005C2807 /* DecoderService.swift in Sources */,
				7E13D54B2D9D45BF00CC2AF6 /* TransactionsDataService.swift in Sources */,
				7E39567C2D9C662F005C2807 /* CurrencyRate+Init.swift in Sources */,
				7E3956672D9C5A7B005C2807 /* Transaction+CoreDataClass.swift in Sources */,
				7E3956692D9C5A7B005C2807 /* Wallet+CoreDataClass.swift in Sources */,
				7E3956522D9C5266005C2807 /* TransactionCategories.swift in Sources */,
				7E39568C2D9C7FC4005C2807 /* RateRequestModels.swift in Sources */,
				7E3956822D9C6FCA005C2807 /* NetworkingService.swift in Sources */,
				7E3956462D9C4F87005C2807 /* AppDelegate.swift in Sources */,
				7E39567A2D9C6620005C2807 /* WalletModel+Init.swift in Sources */,
				7E3956502D9C523E005C2807 /* DBDataModel.xcdatamodeld in Sources */,
				7E3956472D9C4F87005C2807 /* SceneDelegate.swift in Sources */,
				7E3956482D9C4F87005C2807 /* TransactionsController.swift in Sources */,
			);
			runOnlyForDeploymentPostprocessing = 0;
		};
/* End PBXSourcesBuildPhase section */

/* Begin PBXVariantGroup section */
		7E3956402D9C4F87005C2807 /* LaunchScreen.storyboard */ = {
			isa = PBXVariantGroup;
			children = (
				7E39563F2D9C4F87005C2807 /* Base */,
			);
			name = LaunchScreen.storyboard;
			sourceTree = "<group>";
		};
/* End PBXVariantGroup section */

/* Begin XCBuildConfiguration section */
		7E3956382D9C4F65005C2807 /* Debug */ = {
			isa = XCBuildConfiguration;
			buildSettings = {
				ASSETCATALOG_COMPILER_APPICON_NAME = AppIcon;
				ASSETCATALOG_COMPILER_GLOBAL_ACCENT_COLOR_NAME = AccentColor;
				CODE_SIGN_STYLE = Automatic;
				CURRENT_PROJECT_VERSION = 1;
				DEVELOPMENT_TEAM = 52LXM6K854;
				GENERATE_INFOPLIST_FILE = YES;
				INFOPLIST_FILE = ObrioTestAssignment/Info.plist;
				INFOPLIST_KEY_UIApplicationSupportsIndirectInputEvents = YES;
				INFOPLIST_KEY_UILaunchStoryboardName = LaunchScreen;
				INFOPLIST_KEY_UISupportedInterfaceOrientations_iPad = "UIInterfaceOrientationPortrait UIInterfaceOrientationPortraitUpsideDown UIInterfaceOrientationLandscapeLeft UIInterfaceOrientationLandscapeRight";
				INFOPLIST_KEY_UISupportedInterfaceOrientations_iPhone = "UIInterfaceOrientationPortrait UIInterfaceOrientationLandscapeLeft UIInterfaceOrientationLandscapeRight";
				IPHONEOS_DEPLOYMENT_TARGET = 15.0;
				LD_RUNPATH_SEARCH_PATHS = (
					"$(inherited)",
					"@executable_path/Frameworks",
				);
				MARKETING_VERSION = 1.0;
				PRODUCT_BUNDLE_IDENTIFIER = com.litvinchuk.ObrioTestAssignment;
				PRODUCT_NAME = "$(TARGET_NAME)";
				SWIFT_EMIT_LOC_STRINGS = YES;
				SWIFT_VERSION = 5.0;
				TARGETED_DEVICE_FAMILY = "1,2";
			};
			name = Debug;
		};
		7E3956392D9C4F65005C2807 /* Release */ = {
			isa = XCBuildConfiguration;
			buildSettings = {
				ASSETCATALOG_COMPILER_APPICON_NAME = AppIcon;
				ASSETCATALOG_COMPILER_GLOBAL_ACCENT_COLOR_NAME = AccentColor;
				CODE_SIGN_STYLE = Automatic;
				CURRENT_PROJECT_VERSION = 1;
				DEVELOPMENT_TEAM = 52LXM6K854;
				GENERATE_INFOPLIST_FILE = YES;
				INFOPLIST_FILE = ObrioTestAssignment/Info.plist;
				INFOPLIST_KEY_UIApplicationSupportsIndirectInputEvents = YES;
				INFOPLIST_KEY_UILaunchStoryboardName = LaunchScreen;
				INFOPLIST_KEY_UISupportedInterfaceOrientations_iPad = "UIInterfaceOrientationPortrait UIInterfaceOrientationPortraitUpsideDown UIInterfaceOrientationLandscapeLeft UIInterfaceOrientationLandscapeRight";
				INFOPLIST_KEY_UISupportedInterfaceOrientations_iPhone = "UIInterfaceOrientationPortrait UIInterfaceOrientationLandscapeLeft UIInterfaceOrientationLandscapeRight";
				IPHONEOS_DEPLOYMENT_TARGET = 15.0;
				LD_RUNPATH_SEARCH_PATHS = (
					"$(inherited)",
					"@executable_path/Frameworks",
				);
				MARKETING_VERSION = 1.0;
				PRODUCT_BUNDLE_IDENTIFIER = com.litvinchuk.ObrioTestAssignment;
				PRODUCT_NAME = "$(TARGET_NAME)";
				SWIFT_EMIT_LOC_STRINGS = YES;
				SWIFT_VERSION = 5.0;
				TARGETED_DEVICE_FAMILY = "1,2";
			};
			name = Release;
		};
		7E39563A2D9C4F65005C2807 /* Debug */ = {
			isa = XCBuildConfiguration;
			buildSettings = {
				ALWAYS_SEARCH_USER_PATHS = NO;
				ASSETCATALOG_COMPILER_GENERATE_SWIFT_ASSET_SYMBOL_EXTENSIONS = YES;
				CLANG_ANALYZER_NONNULL = YES;
				CLANG_ANALYZER_NUMBER_OBJECT_CONVERSION = YES_AGGRESSIVE;
				CLANG_CXX_LANGUAGE_STANDARD = "gnu++20";
				CLANG_ENABLE_MODULES = YES;
				CLANG_ENABLE_OBJC_ARC = YES;
				CLANG_ENABLE_OBJC_WEAK = YES;
				CLANG_WARN_BLOCK_CAPTURE_AUTORELEASING = YES;
				CLANG_WARN_BOOL_CONVERSION = YES;
				CLANG_WARN_COMMA = YES;
				CLANG_WARN_CONSTANT_CONVERSION = YES;
				CLANG_WARN_DEPRECATED_OBJC_IMPLEMENTATIONS = YES;
				CLANG_WARN_DIRECT_OBJC_ISA_USAGE = YES_ERROR;
				CLANG_WARN_DOCUMENTATION_COMMENTS = YES;
				CLANG_WARN_EMPTY_BODY = YES;
				CLANG_WARN_ENUM_CONVERSION = YES;
				CLANG_WARN_INFINITE_RECURSION = YES;
				CLANG_WARN_INT_CONVERSION = YES;
				CLANG_WARN_NON_LITERAL_NULL_CONVERSION = YES;
				CLANG_WARN_OBJC_IMPLICIT_RETAIN_SELF = YES;
				CLANG_WARN_OBJC_LITERAL_CONVERSION = YES;
				CLANG_WARN_OBJC_ROOT_CLASS = YES_ERROR;
				CLANG_WARN_QUOTED_INCLUDE_IN_FRAMEWORK_HEADER = YES;
				CLANG_WARN_RANGE_LOOP_ANALYSIS = YES;
				CLANG_WARN_STRICT_PROTOTYPES = YES;
				CLANG_WARN_SUSPICIOUS_MOVE = YES;
				CLANG_WARN_UNGUARDED_AVAILABILITY = YES_AGGRESSIVE;
				CLANG_WARN_UNREACHABLE_CODE = YES;
				CLANG_WARN__DUPLICATE_METHOD_MATCH = YES;
				COPY_PHASE_STRIP = NO;
				DEBUG_INFORMATION_FORMAT = dwarf;
				ENABLE_STRICT_OBJC_MSGSEND = YES;
				ENABLE_TESTABILITY = YES;
				ENABLE_USER_SCRIPT_SANDBOXING = YES;
				GCC_C_LANGUAGE_STANDARD = gnu17;
				GCC_DYNAMIC_NO_PIC = NO;
				GCC_NO_COMMON_BLOCKS = YES;
				GCC_OPTIMIZATION_LEVEL = 0;
				GCC_PREPROCESSOR_DEFINITIONS = (
					"DEBUG=1",
					"$(inherited)",
				);
				GCC_WARN_64_TO_32_BIT_CONVERSION = YES;
				GCC_WARN_ABOUT_RETURN_TYPE = YES_ERROR;
				GCC_WARN_UNDECLARED_SELECTOR = YES;
				GCC_WARN_UNINITIALIZED_AUTOS = YES_AGGRESSIVE;
				GCC_WARN_UNUSED_FUNCTION = YES;
				GCC_WARN_UNUSED_VARIABLE = YES;
				IPHONEOS_DEPLOYMENT_TARGET = 18.2;
				LOCALIZATION_PREFERS_STRING_CATALOGS = YES;
				MTL_ENABLE_DEBUG_INFO = INCLUDE_SOURCE;
				MTL_FAST_MATH = YES;
				ONLY_ACTIVE_ARCH = YES;
				SDKROOT = iphoneos;
				SWIFT_ACTIVE_COMPILATION_CONDITIONS = "DEBUG $(inherited)";
				SWIFT_OPTIMIZATION_LEVEL = "-Onone";
			};
			name = Debug;
		};
		7E39563B2D9C4F65005C2807 /* Release */ = {
			isa = XCBuildConfiguration;
			buildSettings = {
				ALWAYS_SEARCH_USER_PATHS = NO;
				ASSETCATALOG_COMPILER_GENERATE_SWIFT_ASSET_SYMBOL_EXTENSIONS = YES;
				CLANG_ANALYZER_NONNULL = YES;
				CLANG_ANALYZER_NUMBER_OBJECT_CONVERSION = YES_AGGRESSIVE;
				CLANG_CXX_LANGUAGE_STANDARD = "gnu++20";
				CLANG_ENABLE_MODULES = YES;
				CLANG_ENABLE_OBJC_ARC = YES;
				CLANG_ENABLE_OBJC_WEAK = YES;
				CLANG_WARN_BLOCK_CAPTURE_AUTORELEASING = YES;
				CLANG_WARN_BOOL_CONVERSION = YES;
				CLANG_WARN_COMMA = YES;
				CLANG_WARN_CONSTANT_CONVERSION = YES;
				CLANG_WARN_DEPRECATED_OBJC_IMPLEMENTATIONS = YES;
				CLANG_WARN_DIRECT_OBJC_ISA_USAGE = YES_ERROR;
				CLANG_WARN_DOCUMENTATION_COMMENTS = YES;
				CLANG_WARN_EMPTY_BODY = YES;
				CLANG_WARN_ENUM_CONVERSION = YES;
				CLANG_WARN_INFINITE_RECURSION = YES;
				CLANG_WARN_INT_CONVERSION = YES;
				CLANG_WARN_NON_LITERAL_NULL_CONVERSION = YES;
				CLANG_WARN_OBJC_IMPLICIT_RETAIN_SELF = YES;
				CLANG_WARN_OBJC_LITERAL_CONVERSION = YES;
				CLANG_WARN_OBJC_ROOT_CLASS = YES_ERROR;
				CLANG_WARN_QUOTED_INCLUDE_IN_FRAMEWORK_HEADER = YES;
				CLANG_WARN_RANGE_LOOP_ANALYSIS = YES;
				CLANG_WARN_STRICT_PROTOTYPES = YES;
				CLANG_WARN_SUSPICIOUS_MOVE = YES;
				CLANG_WARN_UNGUARDED_AVAILABILITY = YES_AGGRESSIVE;
				CLANG_WARN_UNREACHABLE_CODE = YES;
				CLANG_WARN__DUPLICATE_METHOD_MATCH = YES;
				COPY_PHASE_STRIP = NO;
				DEBUG_INFORMATION_FORMAT = "dwarf-with-dsym";
				ENABLE_NS_ASSERTIONS = NO;
				ENABLE_STRICT_OBJC_MSGSEND = YES;
				ENABLE_USER_SCRIPT_SANDBOXING = YES;
				GCC_C_LANGUAGE_STANDARD = gnu17;
				GCC_NO_COMMON_BLOCKS = YES;
				GCC_WARN_64_TO_32_BIT_CONVERSION = YES;
				GCC_WARN_ABOUT_RETURN_TYPE = YES_ERROR;
				GCC_WARN_UNDECLARED_SELECTOR = YES;
				GCC_WARN_UNINITIALIZED_AUTOS = YES_AGGRESSIVE;
				GCC_WARN_UNUSED_FUNCTION = YES;
				GCC_WARN_UNUSED_VARIABLE = YES;
				IPHONEOS_DEPLOYMENT_TARGET = 18.2;
				LOCALIZATION_PREFERS_STRING_CATALOGS = YES;
				MTL_ENABLE_DEBUG_INFO = NO;
				MTL_FAST_MATH = YES;
				SDKROOT = iphoneos;
				SWIFT_COMPILATION_MODE = wholemodule;
				VALIDATE_PRODUCT = YES;
			};
			name = Release;
		};
/* End XCBuildConfiguration section */

/* Begin XCConfigurationList section */
		7E39561F2D9C4F63005C2807 /* Build configuration list for PBXProject "ObrioTestAssignment" */ = {
			isa = XCConfigurationList;
			buildConfigurations = (
				7E39563A2D9C4F65005C2807 /* Debug */,
				7E39563B2D9C4F65005C2807 /* Release */,
			);
			defaultConfigurationIsVisible = 0;
			defaultConfigurationName = Release;
		};
		7E3956372D9C4F65005C2807 /* Build configuration list for PBXNativeTarget "ObrioTestAssignment" */ = {
			isa = XCConfigurationList;
			buildConfigurations = (
				7E3956382D9C4F65005C2807 /* Debug */,
				7E3956392D9C4F65005C2807 /* Release */,
			);
			defaultConfigurationIsVisible = 0;
			defaultConfigurationName = Release;
		};
/* End XCConfigurationList section */

/* Begin XCVersionGroup section */
		7E39564E2D9C523E005C2807 /* DBDataModel.xcdatamodeld */ = {
			isa = XCVersionGroup;
			children = (
				7E39564F2D9C523E005C2807 /* DBDataModel.xcdatamodel */,
			);
			currentVersion = 7E39564F2D9C523E005C2807 /* DBDataModel.xcdatamodel */;
			path = DBDataModel.xcdatamodeld;
			sourceTree = "<group>";
			versionGroupType = wrapper.xcdatamodel;
		};
/* End XCVersionGroup section */
	};
	rootObject = 7E39561C2D9C4F63005C2807 /* Project object */;
}
